
Microsoft Visual Studio Solution File, Format Version 12.00
# Visual Studio 14
VisualStudioVersion = 14.0.25420.1
MinimumVisualStudioVersion = 10.0.40219.1
Project("{FAE04EC0-301F-11D3-BF4B-00C04F79EFBC}") = "RegularPolygon", "RegularPolygon\RegularPolygon.csproj", "{836330E6-1D83-4637-85F4-A481F6322AA3}"
EndProject
Project("{FAE04EC0-301F-11D3-BF4B-00C04F79EFBC}") = "RegularPolygonTests", "RegularPolygonTests\RegularPolygonTests.csproj", "{573E03DD-459B-4038-9486-8FF0EA48DF71}"
EndProject
Global
	GlobalSection(SolutionConfigurationPlatforms) = preSolution
		Debug|Any CPU = Debug|Any CPU
		Release|Any CPU = Release|Any CPU
	EndGlobalSection
	GlobalSection(ProjectConfigurationPlatforms) = postSolution
		{836330E6-1D83-4637-85F4-A481F6322AA3}.Debug|Any CPU.ActiveCfg = Debug|Any CPU
		{836330E6-1D83-4637-85F4-A481F6322AA3}.Debug|Any CPU.Build.0 = Debug|Any CPU
		{836330E6-1D83-4637-85F4-A481F6322AA3}.Release|Any CPU.ActiveCfg = Release|Any CPU
		{836330E6-1D83-4637-85F4-A481F6322AA3}.Release|Any CPU.Build.0 = Release|Any CPU
		{573E03DD-459B-4038-9486-8FF0EA48DF71}.Debug|Any CPU.ActiveCfg = Debug|Any CPU
		{573E03DD-459B-4038-9486-8FF0EA48DF71}.Debug|Any CPU.Build.0 = Debug|Any CPU
		{573E03DD-459B-4038-9486-8FF0EA48DF71}.Release|Any CPU.ActiveCfg = Release|Any CPU
		{573E03DD-459B-4038-9486-8FF0EA48DF71}.Release|Any CPU.Build.0 = Release|Any CPU
	EndGlobalSection
	GlobalSection(SolutionProperties) = preSolution
		HideSolutionNode = FALSE
	EndGlobalSection
EndGlobal
